
Microsoft Visual Studio Solution File, Format Version 12.00
# Visual Studio Version 17
VisualStudioVersion = 17.9.34622.214
MinimumVisualStudioVersion = 10.0.40219.1
Project("{9A19103F-16F7-4668-BE54-9A1E7A4F7556}") = "ChallengeApp", "ChallengeApp\ChallengeApp.csproj", "{040D7FAD-2906-49BE-8D88-05A1B32116ED}"
EndProject
Project("{FAE04EC0-301F-11D3-BF4B-00C04F79EFBC}") = "Challenge.tests", "Challenge.tests\Challenge.tests.csproj", "{D90AEA48-93F3-4523-A343-10F5BC41C1B9}"
EndProject
Global
	GlobalSection(SolutionConfigurationPlatforms) = preSolution
		Debug|Any CPU = Debug|Any CPU
		Release|Any CPU = Release|Any CPU
	EndGlobalSection
	GlobalSection(ProjectConfigurationPlatforms) = postSolution
		{040D7FAD-2906-49BE-8D88-05A1B32116ED}.Debug|Any CPU.ActiveCfg = Debug|Any CPU
		{040D7FAD-2906-49BE-8D88-05A1B32116ED}.Debug|Any CPU.Build.0 = Debug|Any CPU
		{040D7FAD-2906-49BE-8D88-05A1B32116ED}.Release|Any CPU.ActiveCfg = Release|Any CPU
		{040D7FAD-2906-49BE-8D88-05A1B32116ED}.Release|Any CPU.Build.0 = Release|Any CPU
		{D90AEA48-93F3-4523-A343-10F5BC41C1B9}.Debug|Any CPU.ActiveCfg = Debug|Any CPU
		{D90AEA48-93F3-4523-A343-10F5BC41C1B9}.Debug|Any CPU.Build.0 = Debug|Any CPU
		{D90AEA48-93F3-4523-A343-10F5BC41C1B9}.Release|Any CPU.ActiveCfg = Release|Any CPU
		{D90AEA48-93F3-4523-A343-10F5BC41C1B9}.Release|Any CPU.Build.0 = Release|Any CPU
	EndGlobalSection
	GlobalSection(SolutionProperties) = preSolution
		HideSolutionNode = FALSE
	EndGlobalSection
	GlobalSection(ExtensibilityGlobals) = postSolution
		SolutionGuid = {E2962CC8-EAD8-47FA-90A7-BD7E4575E866}
	EndGlobalSection
EndGlobal
